{
  "name": "layer2hub",
  "version": "0.0.0",
  "lockfileVersion": 1,
  "requires": true,
  "dependencies": {
    "@types/lodash": {
      "version": "4.14.111",
      "resolved": "https://registry.npmjs.org/@types/lodash/-/lodash-4.14.111.tgz",
      "integrity": "sha512-t2FwnkdqdZNYPJHTEF+Zf//j5d2I7UbM2Ng+vqqmUCE2RuiVVINJi9RlVdpKvqPqVItsJa0X+ra/tvmwLzlcgg==",
      "dev": true
    },
    "lodash": {
      "version": "4.17.10",
      "resolved": "https://registry.npmjs.org/lodash/-/lodash-4.17.10.tgz",
      "integrity": "sha512-UejweD1pDoXu+AD825lWwp4ZGtSwgnpZxb3JDViD7StjQz+Nb/6l093lx4OQ0foGWNRoc19mWy7BzL+UAK2iVg==",
      "dev": true
    },
    "reflect-metadata": {
      "version": "0.1.12",
      "resolved": "https://registry.npmjs.org/reflect-metadata/-/reflect-metadata-0.1.12.tgz",
      "integrity": "sha512-n+IyV+nGz3+0q3/Yf1ra12KpCyi001bi4XFxSjbiWWjfqb52iTTtpGXmCCAOWWIAn9KEuFZKGqBERHmrtScZ3A==",
      "dev": true
    },
    "swagger-express-ts": {
      "version": "1.0.0",
      "resolved": "https://registry.npmjs.org/swagger-express-ts/-/swagger-express-ts-1.0.0.tgz",
      "integrity": "sha512-ZnjSipB4IBeK2tcx0Ce6eF0Qc2ZLDom+T/gZGfehzYWzmzA5oVYMI89qZaMkQAXA0NjuDZ2X9CfrPp+JumO+Cg==",
      "dev": true,
      "requires": {
        "@types/lodash": "4.14.111",
        "lodash": "4.17.10",
        "reflect-metadata": "0.1.12"
      }
    }
  }
}
